
Microsoft Visual Studio Solution File, Format Version 12.00
# Visual Studio Version 17
VisualStudioVersion = 17.8.34525.116
MinimumVisualStudioVersion = 10.0.40219.1
Project("{F184B08F-C81C-45F6-A57F-5ABD9991F28F}") = "Trabajador de empresa visual", "Trabajador de empresa visual\Trabajador de empresa visual.vbproj", "{0EFE458C-5DE2-4B0D-A034-AE01D1FD2B5F}"
EndProject
Global
	GlobalSection(SolutionConfigurationPlatforms) = preSolution
		Debug|Any CPU = Debug|Any CPU
		Release|Any CPU = Release|Any CPU
	EndGlobalSection
	GlobalSection(ProjectConfigurationPlatforms) = postSolution
		{0EFE458C-5DE2-4B0D-A034-AE01D1FD2B5F}.Debug|Any CPU.ActiveCfg = Debug|Any CPU
		{0EFE458C-5DE2-4B0D-A034-AE01D1FD2B5F}.Debug|Any CPU.Build.0 = Debug|Any CPU
		{0EFE458C-5DE2-4B0D-A034-AE01D1FD2B5F}.Release|Any CPU.ActiveCfg = Release|Any CPU
		{0EFE458C-5DE2-4B0D-A034-AE01D1FD2B5F}.Release|Any CPU.Build.0 = Release|Any CPU
	EndGlobalSection
	GlobalSection(SolutionProperties) = preSolution
		HideSolutionNode = FALSE
	EndGlobalSection
	GlobalSection(ExtensibilityGlobals) = postSolution
		SolutionGuid = {4404E4F1-8CA0-4128-8F11-9A6FC74D9E95}
	EndGlobalSection
EndGlobal
